
Microsoft Visual Studio Solution File, Format Version 12.00
# Visual Studio Version 16
VisualStudioVersion = 16.0.30413.136
MinimumVisualStudioVersion = 10.0.40219.1
Project("{9092AA53-FB77-4645-B42D-1CCCA6BD08BD}") = "binance.javascript-sdk", "binance.javascript-sdk.njsproj", "{1C629E80-3279-4EF3-9CFB-1FC038BA416E}"
EndProject
Global
	GlobalSection(SolutionConfigurationPlatforms) = preSolution
		Debug|Any CPU = Debug|Any CPU
		Release|Any CPU = Release|Any CPU
	EndGlobalSection
	GlobalSection(ProjectConfigurationPlatforms) = postSolution
		{1C629E80-3279-4EF3-9CFB-1FC038BA416E}.Debug|Any CPU.ActiveCfg = Debug|Any CPU
		{1C629E80-3279-4EF3-9CFB-1FC038BA416E}.Debug|Any CPU.Build.0 = Debug|Any CPU
		{1C629E80-3279-4EF3-9CFB-1FC038BA416E}.Release|Any CPU.ActiveCfg = Release|Any CPU
		{1C629E80-3279-4EF3-9CFB-1FC038BA416E}.Release|Any CPU.Build.0 = Release|Any CPU
	EndGlobalSection
	GlobalSection(SolutionProperties) = preSolution
		HideSolutionNode = FALSE
	EndGlobalSection
	GlobalSection(ExtensibilityGlobals) = postSolution
		SolutionGuid = {369FA6DD-4E6F-4036-8852-E8764DF77F3C}
	EndGlobalSection
EndGlobal
